<?xml version="1.0" encoding="utf-8"?>
<Project ToolsVersion="4.0" xmlns="http://schemas.microsoft.com/developer/msbuild/2003">
  <ItemGroup>
    <Filter Include="Source Files">
      <UniqueIdentifier>{a31b11e1-fd24-4fc7-ae61-83a71066be32}</UniqueIdentifier>
      <Extensions>cpp;c;cxx;rc;def;r;odl;idl;hpj;bat</Extensions>
    </Filter>
    <Filter Include="Source Files\factoring">
      <UniqueIdentifier>{92278bd6-e76f-40e6-936d-ad8764ed958f}</UniqueIdentifier>
    </Filter>
    <Filter Include="Source Files\tfm">
      <UniqueIdentifier>{48d825d3-6f27-4a8a-b74c-23787a2ee114}</UniqueIdentifier>
    </Filter>
    <Filter Include="Source Files\arith">
      <UniqueIdentifier>{ea83b8ed-b996-42b4-96a6-76d4cd4f22e3}</UniqueIdentifier>
    </Filter>
    <Filter Include="Header Files">
      <UniqueIdentifier>{2fb2f2c2-4f91-44ce-8cac-46f944abad64}</UniqueIdentifier>
      <Extensions>h;hpp;hxx;hm;inl</Extensions>
    </Filter>
    <Filter Include="Source Files\sieve">
      <UniqueIdentifier>{deea1bcc-709f-4fc6-9ed6-d7ea2f1a1786}</UniqueIdentifier>
    </Filter>
    <Filter Include="Source Files\factoring\qs">
      <UniqueIdentifier>{3d086396-99eb-43de-b3ea-952bfd26b590}</UniqueIdentifier>
    </Filter>
    <Filter Include="Source Files\factoring\nfs">
      <UniqueIdentifier>{a459d6a9-e014-4502-beb0-46aa8530ced3}</UniqueIdentifier>
    </Filter>
    <Filter Include="Source Files\factoring\gmp-ecm">
      <UniqueIdentifier>{2887f7ee-6045-4d89-8d77-deb670485475}</UniqueIdentifier>
    </Filter>
  </ItemGroup>
  <ItemGroup>
    <ClCompile Include="..\..\top\calc.c">
      <Filter>Source Files</Filter>
    </ClCompile>
    <ClCompile Include="..\..\top\driver.c">
      <Filter>Source Files</Filter>
    </ClCompile>
    <ClCompile Include="..\..\top\stack.c">
      <Filter>Source Files</Filter>
    </ClCompile>
    <ClCompile Include="..\..\top\test.c">
      <Filter>Source Files</Filter>
    </ClCompile>
    <ClCompile Include="..\..\top\utils.c">
      <Filter>Source Files</Filter>
    </ClCompile>
    <ClCompile Include="..\..\factor\factor_common.c">
      <Filter>Source Files\factoring</Filter>
    </ClCompile>
    <ClCompile Include="..\..\factor\rho.c">
      <Filter>Source Files\factoring</Filter>
    </ClCompile>
    <ClCompile Include="..\..\factor\squfof.c">
      <Filter>Source Files\factoring</Filter>
    </ClCompile>
    <ClCompile Include="..\..\factor\trialdiv.c">
      <Filter>Source Files\factoring</Filter>
    </ClCompile>
    <ClCompile Include="..\..\tfm\fp_2expt.c">
      <Filter>Source Files\tfm</Filter>
    </ClCompile>
    <ClCompile Include="..\..\tfm\fp_cmp_mag.c">
      <Filter>Source Files\tfm</Filter>
    </ClCompile>
    <ClCompile Include="..\..\tfm\fp_mont_small.c">
      <Filter>Source Files\tfm</Filter>
    </ClCompile>
    <ClCompile Include="..\..\tfm\fp_montgomery_calc_normalization.c">
      <Filter>Source Files\tfm</Filter>
    </ClCompile>
    <ClCompile Include="..\..\tfm\fp_montgomery_reduce.c">
      <Filter>Source Files\tfm</Filter>
    </ClCompile>
    <ClCompile Include="..\..\tfm\fp_montgomery_setup.c">
      <Filter>Source Files\tfm</Filter>
    </ClCompile>
    <ClCompile Include="..\..\tfm\fp_mul_2.c">
      <Filter>Source Files\tfm</Filter>
    </ClCompile>
    <ClCompile Include="..\..\tfm\fp_mul_comba.c">
      <Filter>Source Files\tfm</Filter>
    </ClCompile>
    <ClCompile Include="..\..\tfm\fp_mul_comba_small_set.c">
      <Filter>Source Files\tfm</Filter>
    </ClCompile>
    <ClCompile Include="..\..\tfm\fp_sqr_comba.c">
      <Filter>Source Files\tfm</Filter>
    </ClCompile>
    <ClCompile Include="..\..\tfm\fp_sqr_comba_generic.c">
      <Filter>Source Files\tfm</Filter>
    </ClCompile>
    <ClCompile Include="..\..\tfm\fp_sqr_comba_small_set.c">
      <Filter>Source Files\tfm</Filter>
    </ClCompile>
    <ClCompile Include="..\..\tfm\s_fp_sub.c">
      <Filter>Source Files\tfm</Filter>
    </ClCompile>
    <ClCompile Include="..\..\arith\arith0.c">
      <Filter>Source Files\arith</Filter>
    </ClCompile>
    <ClCompile Include="..\..\arith\arith1.c">
      <Filter>Source Files\arith</Filter>
    </ClCompile>
    <ClCompile Include="..\..\arith\arith2.c">
      <Filter>Source Files\arith</Filter>
    </ClCompile>
    <ClCompile Include="..\..\arith\arith3.c">
      <Filter>Source Files\arith</Filter>
    </ClCompile>
    <ClCompile Include="..\..\arith\monty.c">
      <Filter>Source Files\arith</Filter>
    </ClCompile>
    <ClCompile Include="..\..\eratosthenes\count.c">
      <Filter>Source Files\sieve</Filter>
    </ClCompile>
    <ClCompile Include="..\..\eratosthenes\linesieve.c">
      <Filter>Source Files\sieve</Filter>
    </ClCompile>
    <ClCompile Include="..\..\eratosthenes\offsets.c">
      <Filter>Source Files\sieve</Filter>
    </ClCompile>
    <ClCompile Include="..\..\eratosthenes\primes.c">
      <Filter>Source Files\sieve</Filter>
    </ClCompile>
    <ClCompile Include="..\..\eratosthenes\roots.c">
      <Filter>Source Files\sieve</Filter>
    </ClCompile>
    <ClCompile Include="..\..\eratosthenes\soe.c">
      <Filter>Source Files\sieve</Filter>
    </ClCompile>
    <ClCompile Include="..\..\eratosthenes\tiny.c">
      <Filter>Source Files\sieve</Filter>
    </ClCompile>
    <ClCompile Include="..\..\eratosthenes\worker.c">
      <Filter>Source Files\sieve</Filter>
    </ClCompile>
    <ClCompile Include="..\..\eratosthenes\wrapper.c">
      <Filter>Source Files\sieve</Filter>
    </ClCompile>
    <ClCompile Include="..\..\nfs\nfs.c">
      <Filter>Source Files\factoring\nfs</Filter>
    </ClCompile>
    <ClCompile Include="..\..\factor\ecm.c">
      <Filter>Source Files\factoring\gmp-ecm</Filter>
    </ClCompile>
    <ClCompile Include="..\..\factor\pm1.c">
      <Filter>Source Files\factoring\gmp-ecm</Filter>
    </ClCompile>
    <ClCompile Include="..\..\factor\pp1.c">
      <Filter>Source Files\factoring\gmp-ecm</Filter>
    </ClCompile>
    <ClCompile Include="..\..\factor\gf2.c">
      <Filter>Source Files\factoring\qs</Filter>
    </ClCompile>
    <ClCompile Include="..\..\factor\poly.c">
      <Filter>Source Files\factoring\qs</Filter>
    </ClCompile>
    <ClCompile Include="..\..\factor\relation.c">
      <Filter>Source Files\factoring\qs</Filter>
    </ClCompile>
    <ClCompile Include="..\..\factor\siqs_aux.c">
      <Filter>Source Files\factoring\qs</Filter>
    </ClCompile>
    <ClCompile Include="..\..\factor\siqs_test.c">
      <Filter>Source Files\factoring\qs</Filter>
    </ClCompile>
    <ClCompile Include="..\..\factor\SIQS.c">
      <Filter>Source Files\factoring\qs</Filter>
    </ClCompile>
    <ClCompile Include="..\..\factor\smallmpqs.c">
      <Filter>Source Files\factoring\qs</Filter>
    </ClCompile>
    <ClCompile Include="..\..\factor\sieve.c">
      <Filter>Source Files\factoring\qs</Filter>
    </ClCompile>
    <ClCompile Include="..\..\msieve\lanczos.c">
      <Filter>Source Files\factoring\qs</Filter>
    </ClCompile>
    <ClCompile Include="..\..\msieve\lanczos_matmul0.c">
      <Filter>Source Files\factoring\qs</Filter>
    </ClCompile>
    <ClCompile Include="..\..\msieve\lanczos_matmul1.c">
      <Filter>Source Files\factoring\qs</Filter>
    </ClCompile>
    <ClCompile Include="..\..\msieve\lanczos_matmul2.c">
      <Filter>Source Files\factoring\qs</Filter>
    </ClCompile>
    <ClCompile Include="..\..\msieve\lanczos_pre.c">
      <Filter>Source Files\factoring\qs</Filter>
    </ClCompile>
    <ClCompile Include="..\..\msieve\savefile.c">
      <Filter>Source Files\factoring\qs</Filter>
    </ClCompile>
    <ClCompile Include="..\..\msieve\sqrt.c">
      <Filter>Source Files\factoring\qs</Filter>
    </ClCompile>
    <ClCompile Include="..\..\factor\tune.c">
      <Filter>Source Files\factoring</Filter>
    </ClCompile>
    <ClCompile Include="..\..\nfs\winsupport.c">
      <Filter>Source Files\factoring\nfs</Filter>
    </ClCompile>
  </ItemGroup>
  <ItemGroup>
    <ClInclude Include="..\..\include\arith.h">
      <Filter>Header Files</Filter>
    </ClInclude>
    <ClInclude Include="..\..\include\calc.h">
      <Filter>Header Files</Filter>
    </ClInclude>
    <ClInclude Include="..\..\include\common.h">
      <Filter>Header Files</Filter>
    </ClInclude>
    <ClInclude Include="..\..\include\factor.h">
      <Filter>Header Files</Filter>
    </ClInclude>
    <ClInclude Include="..\..\include\gmp_xface.h">
      <Filter>Header Files</Filter>
    </ClInclude>
    <ClInclude Include="..\..\include\lanczos.h">
      <Filter>Header Files</Filter>
    </ClInclude>
    <ClInclude Include="..\..\include\monty.h">
      <Filter>Header Files</Filter>
    </ClInclude>
    <ClInclude Include="..\..\include\qs.h">
      <Filter>Header Files</Filter>
    </ClInclude>
    <ClInclude Include="..\..\include\soe.h">
      <Filter>Header Files</Filter>
    </ClInclude>
    <ClInclude Include="..\..\include\tfm.h">
      <Filter>Header Files</Filter>
    </ClInclude>
    <ClInclude Include="..\..\include\types.h">
      <Filter>Header Files</Filter>
    </ClInclude>
    <ClInclude Include="..\..\include\util.h">
      <Filter>Header Files</Filter>
    </ClInclude>
    <ClInclude Include="..\..\include\yafu.h">
      <Filter>Header Files</Filter>
    </ClInclude>
    <ClInclude Include="..\..\include\yafu_ecm.h">
      <Filter>Header Files</Filter>
    </ClInclude>
    <ClInclude Include="..\..\include\yafu_stack.h">
      <Filter>Header Files</Filter>
    </ClInclude>
    <ClInclude Include="..\..\include\yafu_string.h">
      <Filter>Header Files</Filter>
    </ClInclude>
    <ClInclude Include="..\..\include\gnfs.h">
      <Filter>Header Files</Filter>
    </ClInclude>
  </ItemGroup>
  <ItemGroup>
    <YASM Include="..\..\arith\mod32.asm">
      <Filter>Source Files\arith</Filter>
    </YASM>
    <YASM Include="..\..\arith\mod64.asm">
      <Filter>Source Files\arith</Filter>
    </YASM>
  </ItemGroup>
</Project>