<?xml version="1.0" encoding="utf-8"?>
<Project ToolsVersion="4.0" xmlns="http://schemas.microsoft.com/developer/msbuild/2003">
  <ItemGroup>
    <Filter Include="Source Files">
      <UniqueIdentifier>{d5fdada0-5c3b-42d3-aa2a-652dcf736468}</UniqueIdentifier>
      <Extensions>cpp;c;cxx;rc;def;r;odl;idl;hpj;bat</Extensions>
    </Filter>
    <Filter Include="Source Files\factoring">
      <UniqueIdentifier>{3d4fac14-d3e4-47e0-9a96-af519854d987}</UniqueIdentifier>
    </Filter>
    <Filter Include="Source Files\arith">
      <UniqueIdentifier>{0a8ff5af-8c07-4a76-b8bc-fa771140fe1c}</UniqueIdentifier>
    </Filter>
    <Filter Include="Header Files">
      <UniqueIdentifier>{d7742e4e-b974-494b-985d-1e9ce51304c1}</UniqueIdentifier>
      <Extensions>h;hpp;hxx;hm;inl</Extensions>
    </Filter>
    <Filter Include="Source Files\sieve">
      <UniqueIdentifier>{492c5de7-16f5-4dbb-b4f1-745199a1cb53}</UniqueIdentifier>
    </Filter>
    <Filter Include="Source Files\factoring\qs">
      <UniqueIdentifier>{8b1eb3ac-614d-4f0c-96af-176c69147116}</UniqueIdentifier>
    </Filter>
    <Filter Include="Source Files\factoring\nfs">
      <UniqueIdentifier>{bb92258d-b42f-4a0e-a0f0-a535037f3031}</UniqueIdentifier>
    </Filter>
    <Filter Include="Source Files\factoring\gmp-ecm">
      <UniqueIdentifier>{2ff77beb-8735-4cf3-825a-ebc95e73fb0c}</UniqueIdentifier>
    </Filter>
    <Filter Include="Source Files\factoring\qs\msieve">
      <UniqueIdentifier>{0b6196c0-f9ba-48f0-8fcc-16458d68685e}</UniqueIdentifier>
    </Filter>
  </ItemGroup>
  <ItemGroup>
    <ClCompile Include="..\..\top\calc.c">
      <Filter>Source Files</Filter>
    </ClCompile>
    <ClCompile Include="..\..\top\driver.c">
      <Filter>Source Files</Filter>
    </ClCompile>
    <ClCompile Include="..\..\top\stack.c">
      <Filter>Source Files</Filter>
    </ClCompile>
    <ClCompile Include="..\..\top\test.c">
      <Filter>Source Files</Filter>
    </ClCompile>
    <ClCompile Include="..\..\top\utils.c">
      <Filter>Source Files</Filter>
    </ClCompile>
    <ClCompile Include="..\..\factor\factor_common.c">
      <Filter>Source Files\factoring</Filter>
    </ClCompile>
    <ClCompile Include="..\..\factor\rho.c">
      <Filter>Source Files\factoring</Filter>
    </ClCompile>
    <ClCompile Include="..\..\factor\squfof.c">
      <Filter>Source Files\factoring</Filter>
    </ClCompile>
    <ClCompile Include="..\..\factor\trialdiv.c">
      <Filter>Source Files\factoring</Filter>
    </ClCompile>
    <ClCompile Include="..\..\arith\arith0.c">
      <Filter>Source Files\arith</Filter>
    </ClCompile>
    <ClCompile Include="..\..\arith\arith1.c">
      <Filter>Source Files\arith</Filter>
    </ClCompile>
    <ClCompile Include="..\..\arith\arith2.c">
      <Filter>Source Files\arith</Filter>
    </ClCompile>
    <ClCompile Include="..\..\arith\arith3.c">
      <Filter>Source Files\arith</Filter>
    </ClCompile>
    <ClCompile Include="..\..\factor\tune.c">
      <Filter>Source Files\factoring</Filter>
    </ClCompile>
    <ClCompile Include="..\..\factor\gmp-ecm\ecm.c">
      <Filter>Source Files\factoring\gmp-ecm</Filter>
    </ClCompile>
    <ClCompile Include="..\..\factor\gmp-ecm\pm1.c">
      <Filter>Source Files\factoring\gmp-ecm</Filter>
    </ClCompile>
    <ClCompile Include="..\..\factor\gmp-ecm\pp1.c">
      <Filter>Source Files\factoring\gmp-ecm</Filter>
    </ClCompile>
    <ClCompile Include="..\..\factor\nfs\nfs.c">
      <Filter>Source Files\factoring\nfs</Filter>
    </ClCompile>
    <ClCompile Include="..\..\factor\nfs\winsupport.c">
      <Filter>Source Files\factoring\nfs</Filter>
    </ClCompile>
    <ClCompile Include="..\..\factor\qs\msieve\gf2.c">
      <Filter>Source Files\factoring\qs\msieve</Filter>
    </ClCompile>
    <ClCompile Include="..\..\factor\qs\msieve\lanczos.c">
      <Filter>Source Files\factoring\qs\msieve</Filter>
    </ClCompile>
    <ClCompile Include="..\..\factor\qs\msieve\lanczos_matmul0.c">
      <Filter>Source Files\factoring\qs\msieve</Filter>
    </ClCompile>
    <ClCompile Include="..\..\factor\qs\msieve\lanczos_matmul1.c">
      <Filter>Source Files\factoring\qs\msieve</Filter>
    </ClCompile>
    <ClCompile Include="..\..\factor\qs\msieve\lanczos_matmul2.c">
      <Filter>Source Files\factoring\qs\msieve</Filter>
    </ClCompile>
    <ClCompile Include="..\..\factor\qs\msieve\lanczos_pre.c">
      <Filter>Source Files\factoring\qs\msieve</Filter>
    </ClCompile>
    <ClCompile Include="..\..\factor\qs\msieve\savefile.c">
      <Filter>Source Files\factoring\qs\msieve</Filter>
    </ClCompile>
    <ClCompile Include="..\..\factor\qs\msieve\sqrt.c">
      <Filter>Source Files\factoring\qs\msieve</Filter>
    </ClCompile>
    <ClCompile Include="..\..\factor\qs\filter.c">
      <Filter>Source Files\factoring\qs</Filter>
    </ClCompile>
    <ClCompile Include="..\..\factor\qs\new_poly.c">
      <Filter>Source Files\factoring\qs</Filter>
    </ClCompile>
    <ClCompile Include="..\..\factor\qs\poly_roots.c">
      <Filter>Source Files\factoring\qs</Filter>
    </ClCompile>
    <ClCompile Include="..\..\factor\qs\sieve.c">
      <Filter>Source Files\factoring\qs</Filter>
    </ClCompile>
    <ClCompile Include="..\..\factor\qs\SIQS.c">
      <Filter>Source Files\factoring\qs</Filter>
    </ClCompile>
    <ClCompile Include="..\..\factor\qs\siqs_aux.c">
      <Filter>Source Files\factoring\qs</Filter>
    </ClCompile>
    <ClCompile Include="..\..\factor\qs\siqs_test.c">
      <Filter>Source Files\factoring\qs</Filter>
    </ClCompile>
    <ClCompile Include="..\..\factor\qs\smallmpqs.c">
      <Filter>Source Files\factoring\qs</Filter>
    </ClCompile>
    <ClCompile Include="..\..\factor\qs\tdiv.c">
      <Filter>Source Files\factoring\qs</Filter>
    </ClCompile>
    <ClCompile Include="..\..\factor\qs\tdiv_large.c">
      <Filter>Source Files\factoring\qs</Filter>
    </ClCompile>
    <ClCompile Include="..\..\factor\qs\tdiv_med.c">
      <Filter>Source Files\factoring\qs</Filter>
    </ClCompile>
    <ClCompile Include="..\..\factor\qs\tdiv_scan.c">
      <Filter>Source Files\factoring\qs</Filter>
    </ClCompile>
    <ClCompile Include="..\..\factor\qs\tdiv_small.c">
      <Filter>Source Files\factoring\qs</Filter>
    </ClCompile>
    <ClCompile Include="..\..\factor\qs\update_poly_roots.c">
      <Filter>Source Files\factoring\qs</Filter>
    </ClCompile>
    <ClCompile Include="..\..\top\eratosthenes\count.c">
      <Filter>Source Files\sieve</Filter>
    </ClCompile>
    <ClCompile Include="..\..\top\eratosthenes\linesieve.c">
      <Filter>Source Files\sieve</Filter>
    </ClCompile>
    <ClCompile Include="..\..\top\eratosthenes\offsets.c">
      <Filter>Source Files\sieve</Filter>
    </ClCompile>
    <ClCompile Include="..\..\top\eratosthenes\primes.c">
      <Filter>Source Files\sieve</Filter>
    </ClCompile>
    <ClCompile Include="..\..\top\eratosthenes\roots.c">
      <Filter>Source Files\sieve</Filter>
    </ClCompile>
    <ClCompile Include="..\..\top\eratosthenes\soe.c">
      <Filter>Source Files\sieve</Filter>
    </ClCompile>
    <ClCompile Include="..\..\top\eratosthenes\tiny.c">
      <Filter>Source Files\sieve</Filter>
    </ClCompile>
    <ClCompile Include="..\..\top\eratosthenes\worker.c">
      <Filter>Source Files\sieve</Filter>
    </ClCompile>
    <ClCompile Include="..\..\top\eratosthenes\wrapper.c">
      <Filter>Source Files\sieve</Filter>
    </ClCompile>
    <ClCompile Include="..\..\factor\nfs\nfs_filemanip.c">
      <Filter>Source Files\factoring\nfs</Filter>
    </ClCompile>
    <ClCompile Include="..\..\factor\nfs\nfs_poly.c">
      <Filter>Source Files\factoring\nfs</Filter>
    </ClCompile>
    <ClCompile Include="..\..\factor\nfs\nfs_postproc.c">
      <Filter>Source Files\factoring\nfs</Filter>
    </ClCompile>
    <ClCompile Include="..\..\factor\nfs\nfs_sieving.c">
      <Filter>Source Files\factoring\nfs</Filter>
    </ClCompile>
    <ClCompile Include="..\..\factor\nfs\nfs_threading.c">
      <Filter>Source Files\factoring\nfs</Filter>
    </ClCompile>
    <ClCompile Include="..\..\top\eratosthenes\soe_util.c">
      <Filter>Source Files\sieve</Filter>
    </ClCompile>
    <ClCompile Include="..\..\factor\qs\tdiv_resieve.c">
      <Filter>Source Files\factoring\qs</Filter>
    </ClCompile>
  </ItemGroup>
  <ItemGroup>
    <ClInclude Include="..\..\include\arith.h">
      <Filter>Header Files</Filter>
    </ClInclude>
    <ClInclude Include="..\..\include\calc.h">
      <Filter>Header Files</Filter>
    </ClInclude>
    <ClInclude Include="..\..\include\common.h">
      <Filter>Header Files</Filter>
    </ClInclude>
    <ClInclude Include="..\..\include\factor.h">
      <Filter>Header Files</Filter>
    </ClInclude>
    <ClInclude Include="..\..\include\gmp_xface.h">
      <Filter>Header Files</Filter>
    </ClInclude>
    <ClInclude Include="..\..\include\lanczos.h">
      <Filter>Header Files</Filter>
    </ClInclude>
    <ClInclude Include="..\..\include\qs.h">
      <Filter>Header Files</Filter>
    </ClInclude>
    <ClInclude Include="..\..\include\soe.h">
      <Filter>Header Files</Filter>
    </ClInclude>
    <ClInclude Include="..\..\include\types.h">
      <Filter>Header Files</Filter>
    </ClInclude>
    <ClInclude Include="..\..\include\util.h">
      <Filter>Header Files</Filter>
    </ClInclude>
    <ClInclude Include="..\..\include\yafu.h">
      <Filter>Header Files</Filter>
    </ClInclude>
    <ClInclude Include="..\..\include\yafu_ecm.h">
      <Filter>Header Files</Filter>
    </ClInclude>
    <ClInclude Include="..\..\include\yafu_stack.h">
      <Filter>Header Files</Filter>
    </ClInclude>
    <ClInclude Include="..\..\include\yafu_string.h">
      <Filter>Header Files</Filter>
    </ClInclude>
    <ClInclude Include="..\..\include\gnfs.h">
      <Filter>Header Files</Filter>
    </ClInclude>
    <ClInclude Include="..\..\include\nfs.h">
      <Filter>Header Files</Filter>
    </ClInclude>
  </ItemGroup>
  <ItemGroup>
    <YASM Include="..\..\arith\mod64.asm">
      <Filter>Source Files\arith</Filter>
    </YASM>
    <YASM Include="..\..\arith\mod32.asm">
      <Filter>Source Files\arith</Filter>
    </YASM>
  </ItemGroup>
</Project>