<?xml version="1.0" encoding="utf-8"?>
<Project ToolsVersion="4.0" xmlns="http://schemas.microsoft.com/developer/msbuild/2003">
  <ItemGroup>
    <Filter Include="Source Files">
      <UniqueIdentifier>{d5fdada0-5c3b-42d3-aa2a-652dcf736468}</UniqueIdentifier>
      <Extensions>cpp;c;cxx;rc;def;r;odl;idl;hpj;bat</Extensions>
    </Filter>
    <Filter Include="Source Files\factoring">
      <UniqueIdentifier>{3d4fac14-d3e4-47e0-9a96-af519854d987}</UniqueIdentifier>
    </Filter>
    <Filter Include="Source Files\msieve">
      <UniqueIdentifier>{64bc3fcc-d344-404a-9d55-da6d925a4587}</UniqueIdentifier>
    </Filter>
    <Filter Include="Source Files\tfm">
      <UniqueIdentifier>{8a6bb4b9-60ab-4166-b61c-d7be5247c90d}</UniqueIdentifier>
    </Filter>
    <Filter Include="Source Files\arith">
      <UniqueIdentifier>{0a8ff5af-8c07-4a76-b8bc-fa771140fe1c}</UniqueIdentifier>
    </Filter>
    <Filter Include="Header Files">
      <UniqueIdentifier>{d7742e4e-b974-494b-985d-1e9ce51304c1}</UniqueIdentifier>
      <Extensions>h;hpp;hxx;hm;inl</Extensions>
    </Filter>
    <Filter Include="Source Files\sieve">
      <UniqueIdentifier>{492c5de7-16f5-4dbb-b4f1-745199a1cb53}</UniqueIdentifier>
    </Filter>
  </ItemGroup>
  <ItemGroup>
    <ClCompile Include="..\..\top\calc.c">
      <Filter>Source Files</Filter>
    </ClCompile>
    <ClCompile Include="..\..\top\driver.c">
      <Filter>Source Files</Filter>
    </ClCompile>
    <ClCompile Include="..\..\top\stack.c">
      <Filter>Source Files</Filter>
    </ClCompile>
    <ClCompile Include="..\..\top\test.c">
      <Filter>Source Files</Filter>
    </ClCompile>
    <ClCompile Include="..\..\top\utils.c">
      <Filter>Source Files</Filter>
    </ClCompile>
    <ClCompile Include="..\..\factor\algfactor.c">
      <Filter>Source Files\factoring</Filter>
    </ClCompile>
    <ClCompile Include="..\..\factor\ecm.c">
      <Filter>Source Files\factoring</Filter>
    </ClCompile>
    <ClCompile Include="..\..\factor\factor_common.c">
      <Filter>Source Files\factoring</Filter>
    </ClCompile>
    <ClCompile Include="..\..\factor\gf2.c">
      <Filter>Source Files\factoring</Filter>
    </ClCompile>
    <ClCompile Include="..\..\factor\MPQS.c">
      <Filter>Source Files\factoring</Filter>
    </ClCompile>
    <ClCompile Include="..\..\factor\pm1.c">
      <Filter>Source Files\factoring</Filter>
    </ClCompile>
    <ClCompile Include="..\..\factor\poly.c">
      <Filter>Source Files\factoring</Filter>
    </ClCompile>
    <ClCompile Include="..\..\factor\pp1.c">
      <Filter>Source Files\factoring</Filter>
    </ClCompile>
    <ClCompile Include="..\..\factor\pQS.c">
      <Filter>Source Files\factoring</Filter>
    </ClCompile>
    <ClCompile Include="..\..\factor\relation.c">
      <Filter>Source Files\factoring</Filter>
    </ClCompile>
    <ClCompile Include="..\..\factor\rho.c">
      <Filter>Source Files\factoring</Filter>
    </ClCompile>
    <ClCompile Include="..\..\factor\sieve.c">
      <Filter>Source Files\factoring</Filter>
    </ClCompile>
    <ClCompile Include="..\..\factor\SIQS.c">
      <Filter>Source Files\factoring</Filter>
    </ClCompile>
    <ClCompile Include="..\..\factor\siqs_aux.c">
      <Filter>Source Files\factoring</Filter>
    </ClCompile>
    <ClCompile Include="..\..\factor\siqs_test.c">
      <Filter>Source Files\factoring</Filter>
    </ClCompile>
    <ClCompile Include="..\..\factor\smallmpqs.c">
      <Filter>Source Files\factoring</Filter>
    </ClCompile>
    <ClCompile Include="..\..\factor\squfof.c">
      <Filter>Source Files\factoring</Filter>
    </ClCompile>
    <ClCompile Include="..\..\factor\trialdiv.c">
      <Filter>Source Files\factoring</Filter>
    </ClCompile>
    <ClCompile Include="..\..\msieve\lanczos.c">
      <Filter>Source Files\msieve</Filter>
    </ClCompile>
    <ClCompile Include="..\..\msieve\lanczos_matmul0.c">
      <Filter>Source Files\msieve</Filter>
    </ClCompile>
    <ClCompile Include="..\..\msieve\lanczos_matmul1.c">
      <Filter>Source Files\msieve</Filter>
    </ClCompile>
    <ClCompile Include="..\..\msieve\lanczos_matmul2.c">
      <Filter>Source Files\msieve</Filter>
    </ClCompile>
    <ClCompile Include="..\..\msieve\lanczos_pre.c">
      <Filter>Source Files\msieve</Filter>
    </ClCompile>
    <ClCompile Include="..\..\msieve\mpqs_gf2.c">
      <Filter>Source Files\msieve</Filter>
    </ClCompile>
    <ClCompile Include="..\..\msieve\savefile.c">
      <Filter>Source Files\msieve</Filter>
    </ClCompile>
    <ClCompile Include="..\..\msieve\sqrt.c">
      <Filter>Source Files\msieve</Filter>
    </ClCompile>
    <ClCompile Include="..\..\msieve\squfof_jp.c">
      <Filter>Source Files\msieve</Filter>
    </ClCompile>
    <ClCompile Include="..\..\tfm\fp_2expt.c">
      <Filter>Source Files\tfm</Filter>
    </ClCompile>
    <ClCompile Include="..\..\tfm\fp_cmp_mag.c">
      <Filter>Source Files\tfm</Filter>
    </ClCompile>
    <ClCompile Include="..\..\tfm\fp_mont_small.c">
      <Filter>Source Files\tfm</Filter>
    </ClCompile>
    <ClCompile Include="..\..\tfm\fp_montgomery_calc_normalization.c">
      <Filter>Source Files\tfm</Filter>
    </ClCompile>
    <ClCompile Include="..\..\tfm\fp_montgomery_reduce.c">
      <Filter>Source Files\tfm</Filter>
    </ClCompile>
    <ClCompile Include="..\..\tfm\fp_montgomery_setup.c">
      <Filter>Source Files\tfm</Filter>
    </ClCompile>
    <ClCompile Include="..\..\tfm\fp_mul_2.c">
      <Filter>Source Files\tfm</Filter>
    </ClCompile>
    <ClCompile Include="..\..\tfm\fp_mul_comba.c">
      <Filter>Source Files\tfm</Filter>
    </ClCompile>
    <ClCompile Include="..\..\tfm\fp_mul_comba_small_set.c">
      <Filter>Source Files\tfm</Filter>
    </ClCompile>
    <ClCompile Include="..\..\tfm\fp_sqr_comba.c">
      <Filter>Source Files\tfm</Filter>
    </ClCompile>
    <ClCompile Include="..\..\tfm\fp_sqr_comba_generic.c">
      <Filter>Source Files\tfm</Filter>
    </ClCompile>
    <ClCompile Include="..\..\tfm\fp_sqr_comba_small_set.c">
      <Filter>Source Files\tfm</Filter>
    </ClCompile>
    <ClCompile Include="..\..\tfm\s_fp_sub.c">
      <Filter>Source Files\tfm</Filter>
    </ClCompile>
    <ClCompile Include="..\..\arith\arith0.c">
      <Filter>Source Files\arith</Filter>
    </ClCompile>
    <ClCompile Include="..\..\arith\arith1.c">
      <Filter>Source Files\arith</Filter>
    </ClCompile>
    <ClCompile Include="..\..\arith\arith2.c">
      <Filter>Source Files\arith</Filter>
    </ClCompile>
    <ClCompile Include="..\..\arith\arith3.c">
      <Filter>Source Files\arith</Filter>
    </ClCompile>
    <ClCompile Include="..\..\arith\monty.c">
      <Filter>Source Files\arith</Filter>
    </ClCompile>
    <ClCompile Include="..\..\eratosthenes\count.c">
      <Filter>Source Files\sieve</Filter>
    </ClCompile>
    <ClCompile Include="..\..\eratosthenes\linesieve.c">
      <Filter>Source Files\sieve</Filter>
    </ClCompile>
    <ClCompile Include="..\..\eratosthenes\offsets.c">
      <Filter>Source Files\sieve</Filter>
    </ClCompile>
    <ClCompile Include="..\..\eratosthenes\primes.c">
      <Filter>Source Files\sieve</Filter>
    </ClCompile>
    <ClCompile Include="..\..\eratosthenes\roots.c">
      <Filter>Source Files\sieve</Filter>
    </ClCompile>
    <ClCompile Include="..\..\eratosthenes\soe.c">
      <Filter>Source Files\sieve</Filter>
    </ClCompile>
    <ClCompile Include="..\..\eratosthenes\tiny.c">
      <Filter>Source Files\sieve</Filter>
    </ClCompile>
    <ClCompile Include="..\..\eratosthenes\worker.c">
      <Filter>Source Files\sieve</Filter>
    </ClCompile>
    <ClCompile Include="..\..\eratosthenes\wrapper.c">
      <Filter>Source Files\sieve</Filter>
    </ClCompile>
  </ItemGroup>
  <ItemGroup>
    <ClInclude Include="..\..\include\arith.h">
      <Filter>Header Files</Filter>
    </ClInclude>
    <ClInclude Include="..\..\include\calc.h">
      <Filter>Header Files</Filter>
    </ClInclude>
    <ClInclude Include="..\..\include\common.h">
      <Filter>Header Files</Filter>
    </ClInclude>
    <ClInclude Include="..\..\include\factor.h">
      <Filter>Header Files</Filter>
    </ClInclude>
    <ClInclude Include="..\..\include\gmp_xface.h">
      <Filter>Header Files</Filter>
    </ClInclude>
    <ClInclude Include="..\..\include\lanczos.h">
      <Filter>Header Files</Filter>
    </ClInclude>
    <ClInclude Include="..\..\include\monty.h">
      <Filter>Header Files</Filter>
    </ClInclude>
    <ClInclude Include="..\..\include\msieve.h">
      <Filter>Header Files</Filter>
    </ClInclude>
    <ClInclude Include="..\..\include\qs.h">
      <Filter>Header Files</Filter>
    </ClInclude>
    <ClInclude Include="..\..\include\soe.h">
      <Filter>Header Files</Filter>
    </ClInclude>
    <ClInclude Include="..\..\include\tfm.h">
      <Filter>Header Files</Filter>
    </ClInclude>
    <ClInclude Include="..\..\include\types.h">
      <Filter>Header Files</Filter>
    </ClInclude>
    <ClInclude Include="..\..\include\util.h">
      <Filter>Header Files</Filter>
    </ClInclude>
    <ClInclude Include="..\..\include\yafu.h">
      <Filter>Header Files</Filter>
    </ClInclude>
    <ClInclude Include="..\..\include\yafu_ecm.h">
      <Filter>Header Files</Filter>
    </ClInclude>
    <ClInclude Include="..\..\include\yafu_stack.h">
      <Filter>Header Files</Filter>
    </ClInclude>
    <ClInclude Include="..\..\include\yafu_string.h">
      <Filter>Header Files</Filter>
    </ClInclude>
  </ItemGroup>
</Project>