<?xml version="1.0" encoding="utf-8"?>
<Project ToolsVersion="4.0" xmlns="http://schemas.microsoft.com/developer/msbuild/2003">
  <ItemGroup>
    <Filter Include="Source Files">
      <UniqueIdentifier>{4FC737F1-C7A5-4376-A066-2A32D752A2FF}</UniqueIdentifier>
      <Extensions>cpp;c;cc;cxx;def;odl;idl;hpj;bat;asm;asmx</Extensions>
    </Filter>
    <Filter Include="Header Files">
      <UniqueIdentifier>{93995380-89BD-4b04-88EB-625FBE52EBFB}</UniqueIdentifier>
      <Extensions>h;hh;hpp;hxx;hm;inl;inc;ipp;xsd</Extensions>
    </Filter>
    <Filter Include="Resource Files">
      <UniqueIdentifier>{67DA6AB6-F800-4c08-8B7A-83BB121AAD01}</UniqueIdentifier>
      <Extensions>rc;ico;cur;bmp;dlg;rc2;rct;bin;rgs;gif;jpg;jpeg;jpe;resx;tiff;tif;png;wav;mfcribbon-ms</Extensions>
    </Filter>
    <Filter Include="Source Files\msieve">
      <UniqueIdentifier>{64d34aa9-9e6e-41be-bc3b-765a6ed0a912}</UniqueIdentifier>
    </Filter>
    <Filter Include="Source Files\poly">
      <UniqueIdentifier>{329cadb1-1f7f-49a6-975c-0f65707c3a27}</UniqueIdentifier>
    </Filter>
    <Filter Include="Source Files\sieve">
      <UniqueIdentifier>{a7728e72-4915-4580-b978-341644284bae}</UniqueIdentifier>
    </Filter>
    <Filter Include="Source Files\tdiv">
      <UniqueIdentifier>{c6841979-5601-4d73-9fc7-7b84cbef0a82}</UniqueIdentifier>
    </Filter>
  </ItemGroup>
  <ItemGroup>
    <ClCompile Include="..\..\factor\batch_factor.c">
      <Filter>Source Files\msieve</Filter>
    </ClCompile>
    <ClCompile Include="..\..\factor\prime_sieve.c">
      <Filter>Source Files\msieve</Filter>
    </ClCompile>
    <ClCompile Include="..\..\factor\qs\msieve\gf2.c">
      <Filter>Source Files\msieve</Filter>
    </ClCompile>
    <ClCompile Include="..\..\factor\qs\msieve\lanczos.c">
      <Filter>Source Files\msieve</Filter>
    </ClCompile>
    <ClCompile Include="..\..\factor\qs\msieve\lanczos_matmul0.c">
      <Filter>Source Files\msieve</Filter>
    </ClCompile>
    <ClCompile Include="..\..\factor\qs\msieve\lanczos_matmul1.c">
      <Filter>Source Files\msieve</Filter>
    </ClCompile>
    <ClCompile Include="..\..\factor\qs\msieve\lanczos_matmul2.c">
      <Filter>Source Files\msieve</Filter>
    </ClCompile>
    <ClCompile Include="..\..\factor\qs\msieve\lanczos_pre.c">
      <Filter>Source Files\msieve</Filter>
    </ClCompile>
    <ClCompile Include="..\..\factor\qs\msieve\savefile.c">
      <Filter>Source Files\msieve</Filter>
    </ClCompile>
    <ClCompile Include="..\..\factor\qs\msieve\sqrt.c">
      <Filter>Source Files\msieve</Filter>
    </ClCompile>
    <ClCompile Include="..\..\factor\qs\new_poly.c">
      <Filter>Source Files\poly</Filter>
    </ClCompile>
    <ClCompile Include="..\..\factor\qs\poly_roots.c">
      <Filter>Source Files\poly</Filter>
    </ClCompile>
    <ClCompile Include="..\..\factor\qs\poly_roots_32k.c">
      <Filter>Source Files\poly</Filter>
    </ClCompile>
    <ClCompile Include="..\..\factor\qs\update_poly_roots_32k.c">
      <Filter>Source Files\poly</Filter>
    </ClCompile>
    <ClCompile Include="..\..\factor\qs\update_poly_roots_32k_avx2.c">
      <Filter>Source Files\poly</Filter>
    </ClCompile>
    <ClCompile Include="..\..\factor\qs\update_poly_roots_32k_knc.c">
      <Filter>Source Files\poly</Filter>
    </ClCompile>
    <ClCompile Include="..\..\factor\qs\update_poly_roots_32k_knl.c">
      <Filter>Source Files\poly</Filter>
    </ClCompile>
    <ClCompile Include="..\..\factor\qs\update_poly_roots_32k_sse4.1.c">
      <Filter>Source Files\poly</Filter>
    </ClCompile>
    <ClCompile Include="..\..\factor\qs\large_sieve.c">
      <Filter>Source Files\sieve</Filter>
    </ClCompile>
    <ClCompile Include="..\..\factor\qs\med_sieve_32k.c">
      <Filter>Source Files\sieve</Filter>
    </ClCompile>
    <ClCompile Include="..\..\factor\qs\med_sieve_32k_avx2.c">
      <Filter>Source Files\sieve</Filter>
    </ClCompile>
    <ClCompile Include="..\..\factor\qs\med_sieve_32k_sse4.1.c">
      <Filter>Source Files\sieve</Filter>
    </ClCompile>
    <ClCompile Include="..\..\factor\qs\tdiv.c">
      <Filter>Source Files\tdiv</Filter>
    </ClCompile>
    <ClCompile Include="..\..\factor\qs\tdiv_large.c">
      <Filter>Source Files\tdiv</Filter>
    </ClCompile>
    <ClCompile Include="..\..\factor\qs\tdiv_med.c">
      <Filter>Source Files\tdiv</Filter>
    </ClCompile>
    <ClCompile Include="..\..\factor\qs\tdiv_med_32k.c">
      <Filter>Source Files\tdiv</Filter>
    </ClCompile>
    <ClCompile Include="..\..\factor\qs\tdiv_med_32k_avx2.c">
      <Filter>Source Files\tdiv</Filter>
    </ClCompile>
    <ClCompile Include="..\..\factor\qs\tdiv_med_32k_knc.c">
      <Filter>Source Files\tdiv</Filter>
    </ClCompile>
    <ClCompile Include="..\..\factor\qs\tdiv_med_32k_knl.c">
      <Filter>Source Files\tdiv</Filter>
    </ClCompile>
    <ClCompile Include="..\..\factor\qs\tdiv_resieve.c">
      <Filter>Source Files\tdiv</Filter>
    </ClCompile>
    <ClCompile Include="..\..\factor\qs\tdiv_resieve_32k.c">
      <Filter>Source Files\tdiv</Filter>
    </ClCompile>
    <ClCompile Include="..\..\factor\qs\tdiv_resieve_32k_avx2.c">
      <Filter>Source Files\tdiv</Filter>
    </ClCompile>
    <ClCompile Include="..\..\factor\qs\tdiv_resieve_32k_knc.c">
      <Filter>Source Files\tdiv</Filter>
    </ClCompile>
    <ClCompile Include="..\..\factor\qs\tdiv_resieve_32k_knl.c">
      <Filter>Source Files\tdiv</Filter>
    </ClCompile>
    <ClCompile Include="..\..\factor\qs\tdiv_scan.c">
      <Filter>Source Files\tdiv</Filter>
    </ClCompile>
    <ClCompile Include="..\..\factor\qs\tdiv_scan_knc.c">
      <Filter>Source Files\tdiv</Filter>
    </ClCompile>
    <ClCompile Include="..\..\factor\qs\tdiv_scan_knl.c">
      <Filter>Source Files\tdiv</Filter>
    </ClCompile>
    <ClCompile Include="..\..\factor\qs\tdiv_small.c">
      <Filter>Source Files\tdiv</Filter>
    </ClCompile>
    <ClCompile Include="..\..\factor\qs\cofactorize_siqs.c">
      <Filter>Source Files</Filter>
    </ClCompile>
    <ClCompile Include="..\..\factor\qs\filter.c">
      <Filter>Source Files</Filter>
    </ClCompile>
    <ClCompile Include="..\..\factor\qs\SIQS.c">
      <Filter>Source Files</Filter>
    </ClCompile>
    <ClCompile Include="..\..\factor\qs\siqs_aux.c">
      <Filter>Source Files</Filter>
    </ClCompile>
    <ClCompile Include="..\..\factor\qs\siqs_test.c">
      <Filter>Source Files</Filter>
    </ClCompile>
    <ClCompile Include="..\..\factor\qs\smallmpqs.c">
      <Filter>Source Files</Filter>
    </ClCompile>
  </ItemGroup>
  <ItemGroup>
    <ClInclude Include="..\..\include\batch_factor.h">
      <Filter>Source Files\msieve</Filter>
    </ClInclude>
    <ClInclude Include="..\..\include\prime_sieve.h">
      <Filter>Source Files\msieve</Filter>
    </ClInclude>
    <ClInclude Include="..\..\factor\qs\poly_macros_32k.h">
      <Filter>Source Files\poly</Filter>
    </ClInclude>
    <ClInclude Include="..\..\factor\qs\poly_macros_common.h">
      <Filter>Source Files\poly</Filter>
    </ClInclude>
    <ClInclude Include="..\..\factor\qs\poly_macros_common_avx2.h">
      <Filter>Source Files\poly</Filter>
    </ClInclude>
    <ClInclude Include="..\..\factor\qs\poly_macros_common_sse4.1.h">
      <Filter>Source Files\poly</Filter>
    </ClInclude>
    <ClInclude Include="..\..\factor\qs\sieve_macros_32k.h">
      <Filter>Source Files\sieve</Filter>
    </ClInclude>
    <ClInclude Include="..\..\factor\qs\sieve_macros_32k_avx2.h">
      <Filter>Source Files\sieve</Filter>
    </ClInclude>
    <ClInclude Include="..\..\factor\qs\sieve_macros_32k_sse4.1.h">
      <Filter>Source Files\sieve</Filter>
    </ClInclude>
    <ClInclude Include="..\..\factor\qs\tdiv_macros_32k.h">
      <Filter>Source Files\tdiv</Filter>
    </ClInclude>
    <ClInclude Include="..\..\factor\qs\tdiv_macros_common.h">
      <Filter>Source Files\tdiv</Filter>
    </ClInclude>
    <ClInclude Include="..\..\include\qs.h">
      <Filter>Header Files</Filter>
    </ClInclude>
    <ClInclude Include="..\..\include\cofactorize.h">
      <Filter>Header Files</Filter>
    </ClInclude>
    <ClInclude Include="..\..\include\lanczos.h">
      <Filter>Header Files</Filter>
    </ClInclude>
    <ClInclude Include="..\..\include\qs_impl.h">
      <Filter>Header Files</Filter>
    </ClInclude>
  </ItemGroup>
</Project>