<?xml version="1.0" encoding="utf-8"?>
<Project ToolsVersion="4.0" xmlns="http://schemas.microsoft.com/developer/msbuild/2003">
  <ItemGroup>
    <Filter Include="Source Files">
      <UniqueIdentifier>{4FC737F1-C7A5-4376-A066-2A32D752A2FF}</UniqueIdentifier>
      <Extensions>cpp;c;cc;cxx;def;odl;idl;hpj;bat;asm;asmx</Extensions>
    </Filter>
    <Filter Include="Header Files">
      <UniqueIdentifier>{93995380-89BD-4b04-88EB-625FBE52EBFB}</UniqueIdentifier>
      <Extensions>h;hh;hpp;hxx;hm;inl;inc;ipp;xsd</Extensions>
    </Filter>
    <Filter Include="Resource Files">
      <UniqueIdentifier>{67DA6AB6-F800-4c08-8B7A-83BB121AAD01}</UniqueIdentifier>
      <Extensions>rc;ico;cur;bmp;dlg;rc2;rct;bin;rgs;gif;jpg;jpeg;jpe;resx;tiff;tif;png;wav;mfcribbon-ms</Extensions>
    </Filter>
    <Filter Include="Source Files\arith">
      <UniqueIdentifier>{d0b40b21-e979-46f9-b09b-9cad272f02b7}</UniqueIdentifier>
    </Filter>
    <Filter Include="Source Files\small_factor">
      <UniqueIdentifier>{1cfa850f-d7d1-4f16-91c1-39c8c4c329ad}</UniqueIdentifier>
    </Filter>
  </ItemGroup>
  <ItemGroup>
    <ClCompile Include="..\..\arith\arith.c">
      <Filter>Source Files\arith</Filter>
    </ClCompile>
    <ClCompile Include="..\..\arith\monty.c">
      <Filter>Source Files\arith</Filter>
    </ClCompile>
    <ClCompile Include="..\..\factor\rho.c">
      <Filter>Source Files\small_factor</Filter>
    </ClCompile>
    <ClCompile Include="..\..\factor\squfof.c">
      <Filter>Source Files\small_factor</Filter>
    </ClCompile>
    <ClCompile Include="..\..\factor\trialdiv.c">
      <Filter>Source Files\small_factor</Filter>
    </ClCompile>
    <ClCompile Include="..\..\factor\factor_common.c">
      <Filter>Source Files</Filter>
    </ClCompile>
    <ClCompile Include="..\..\top\aprcl\mpz_aprcl.c">
      <Filter>Source Files</Filter>
    </ClCompile>
    <ClCompile Include="..\..\factor\gmp-ecm\microecm.c">
      <Filter>Source Files\small_factor</Filter>
    </ClCompile>
    <ClCompile Include="..\..\factor\gmp-ecm\tinyecm.c">
      <Filter>Source Files\small_factor</Filter>
    </ClCompile>
    <ClCompile Include="..\..\factor\gmp-ecm\micropm1.c">
      <Filter>Source Files\small_factor</Filter>
    </ClCompile>
    <ClCompile Include="..\..\arith\fftmul.c">
      <Filter>Source Files\arith</Filter>
    </ClCompile>
    <ClCompile Include="..\..\top\aprcl\tinyprp.c">
      <Filter>Source Files</Filter>
    </ClCompile>
    <ClCompile Include="..\..\factor\batch_factor.c">
      <Filter>Source Files</Filter>
    </ClCompile>
  </ItemGroup>
  <ItemGroup>
    <ClInclude Include="..\..\include\arith.h">
      <Filter>Header Files</Filter>
    </ClInclude>
    <ClInclude Include="..\..\include\common.h">
      <Filter>Header Files</Filter>
    </ClInclude>
    <ClInclude Include="..\..\include\gmp_xface.h">
      <Filter>Header Files</Filter>
    </ClInclude>
    <ClInclude Include="..\..\include\monty.h">
      <Filter>Header Files</Filter>
    </ClInclude>
    <ClInclude Include="..\..\include\factor.h">
      <Filter>Header Files</Filter>
    </ClInclude>
    <ClInclude Include="..\..\top\aprcl\jacobi_sum.h">
      <Filter>Header Files</Filter>
    </ClInclude>
    <ClInclude Include="..\..\top\aprcl\mpz_aprcl.h">
      <Filter>Header Files</Filter>
    </ClInclude>
    <ClInclude Include="..\..\factor\gmp-ecm\microecm.h">
      <Filter>Header Files</Filter>
    </ClInclude>
    <ClInclude Include="..\..\factor\gmp-ecm\tinyecm.h">
      <Filter>Header Files</Filter>
    </ClInclude>
    <ClInclude Include="..\..\top\aprcl\tinyprp.h">
      <Filter>Header Files</Filter>
    </ClInclude>
    <ClInclude Include="..\..\include\batch_factor.h">
      <Filter>Header Files</Filter>
    </ClInclude>
  </ItemGroup>
  <ItemGroup>
    <YASM Include="..\..\arith\mod64.asm">
      <Filter>Source Files\arith</Filter>
    </YASM>
  </ItemGroup>
</Project>