<?xml version="1.0" encoding="utf-8"?>
<Project ToolsVersion="4.0" xmlns="http://schemas.microsoft.com/developer/msbuild/2003">
  <ItemGroup>
    <Filter Include="Source Files">
      <UniqueIdentifier>{a31b11e1-fd24-4fc7-ae61-83a71066be32}</UniqueIdentifier>
      <Extensions>cpp;c;cxx;rc;def;r;odl;idl;hpj;bat</Extensions>
    </Filter>
    <Filter Include="Source Files\factoring">
      <UniqueIdentifier>{92278bd6-e76f-40e6-936d-ad8764ed958f}</UniqueIdentifier>
    </Filter>
    <Filter Include="Source Files\arith">
      <UniqueIdentifier>{ea83b8ed-b996-42b4-96a6-76d4cd4f22e3}</UniqueIdentifier>
    </Filter>
    <Filter Include="Header Files">
      <UniqueIdentifier>{2fb2f2c2-4f91-44ce-8cac-46f944abad64}</UniqueIdentifier>
      <Extensions>h;hpp;hxx;hm;inl</Extensions>
    </Filter>
    <Filter Include="Source Files\sieve">
      <UniqueIdentifier>{deea1bcc-709f-4fc6-9ed6-d7ea2f1a1786}</UniqueIdentifier>
    </Filter>
    <Filter Include="Source Files\factoring\qs">
      <UniqueIdentifier>{3d086396-99eb-43de-b3ea-952bfd26b590}</UniqueIdentifier>
    </Filter>
    <Filter Include="Source Files\factoring\nfs">
      <UniqueIdentifier>{a459d6a9-e014-4502-beb0-46aa8530ced3}</UniqueIdentifier>
    </Filter>
    <Filter Include="Source Files\factoring\gmp-ecm">
      <UniqueIdentifier>{2887f7ee-6045-4d89-8d77-deb670485475}</UniqueIdentifier>
    </Filter>
    <Filter Include="Source Files\factoring\qs\msieve">
      <UniqueIdentifier>{5f797720-7e25-4639-81c1-725fb2a0d755}</UniqueIdentifier>
    </Filter>
    <Filter Include="Source Files\factoring\qs\poly">
      <UniqueIdentifier>{94bed321-2fb4-481b-b044-f4e69305014d}</UniqueIdentifier>
    </Filter>
    <Filter Include="Source Files\factoring\qs\tdiv">
      <UniqueIdentifier>{3a752e60-5f99-489f-a76b-38041719a44c}</UniqueIdentifier>
    </Filter>
    <Filter Include="Source Files\factoring\qs\sieve">
      <UniqueIdentifier>{b323f02c-6a6e-4b2a-8a4c-ad59a46f7cb8}</UniqueIdentifier>
    </Filter>
  </ItemGroup>
  <ItemGroup>
    <ClCompile Include="..\..\top\calc.c">
      <Filter>Source Files</Filter>
    </ClCompile>
    <ClCompile Include="..\..\top\driver.c">
      <Filter>Source Files</Filter>
    </ClCompile>
    <ClCompile Include="..\..\top\stack.c">
      <Filter>Source Files</Filter>
    </ClCompile>
    <ClCompile Include="..\..\top\test.c">
      <Filter>Source Files</Filter>
    </ClCompile>
    <ClCompile Include="..\..\top\utils.c">
      <Filter>Source Files</Filter>
    </ClCompile>
    <ClCompile Include="..\..\factor\factor_common.c">
      <Filter>Source Files\factoring</Filter>
    </ClCompile>
    <ClCompile Include="..\..\factor\rho.c">
      <Filter>Source Files\factoring</Filter>
    </ClCompile>
    <ClCompile Include="..\..\factor\squfof.c">
      <Filter>Source Files\factoring</Filter>
    </ClCompile>
    <ClCompile Include="..\..\factor\trialdiv.c">
      <Filter>Source Files\factoring</Filter>
    </ClCompile>
    <ClCompile Include="..\..\arith\arith0.c">
      <Filter>Source Files\arith</Filter>
    </ClCompile>
    <ClCompile Include="..\..\arith\arith1.c">
      <Filter>Source Files\arith</Filter>
    </ClCompile>
    <ClCompile Include="..\..\arith\arith2.c">
      <Filter>Source Files\arith</Filter>
    </ClCompile>
    <ClCompile Include="..\..\arith\arith3.c">
      <Filter>Source Files\arith</Filter>
    </ClCompile>
    <ClCompile Include="..\..\factor\tune.c">
      <Filter>Source Files\factoring</Filter>
    </ClCompile>
    <ClCompile Include="..\..\top\eratosthenes\count.c">
      <Filter>Source Files\sieve</Filter>
    </ClCompile>
    <ClCompile Include="..\..\top\eratosthenes\linesieve.c">
      <Filter>Source Files\sieve</Filter>
    </ClCompile>
    <ClCompile Include="..\..\top\eratosthenes\offsets.c">
      <Filter>Source Files\sieve</Filter>
    </ClCompile>
    <ClCompile Include="..\..\top\eratosthenes\primes.c">
      <Filter>Source Files\sieve</Filter>
    </ClCompile>
    <ClCompile Include="..\..\top\eratosthenes\roots.c">
      <Filter>Source Files\sieve</Filter>
    </ClCompile>
    <ClCompile Include="..\..\top\eratosthenes\soe.c">
      <Filter>Source Files\sieve</Filter>
    </ClCompile>
    <ClCompile Include="..\..\top\eratosthenes\tiny.c">
      <Filter>Source Files\sieve</Filter>
    </ClCompile>
    <ClCompile Include="..\..\top\eratosthenes\worker.c">
      <Filter>Source Files\sieve</Filter>
    </ClCompile>
    <ClCompile Include="..\..\top\eratosthenes\wrapper.c">
      <Filter>Source Files\sieve</Filter>
    </ClCompile>
    <ClCompile Include="..\..\factor\gmp-ecm\ecm.c">
      <Filter>Source Files\factoring\gmp-ecm</Filter>
    </ClCompile>
    <ClCompile Include="..\..\factor\gmp-ecm\pm1.c">
      <Filter>Source Files\factoring\gmp-ecm</Filter>
    </ClCompile>
    <ClCompile Include="..\..\factor\gmp-ecm\pp1.c">
      <Filter>Source Files\factoring\gmp-ecm</Filter>
    </ClCompile>
    <ClCompile Include="..\..\factor\nfs\nfs.c">
      <Filter>Source Files\factoring\nfs</Filter>
    </ClCompile>
    <ClCompile Include="..\..\factor\nfs\winsupport.c">
      <Filter>Source Files\factoring\nfs</Filter>
    </ClCompile>
    <ClCompile Include="..\..\factor\qs\msieve\gf2.c">
      <Filter>Source Files\factoring\qs\msieve</Filter>
    </ClCompile>
    <ClCompile Include="..\..\factor\qs\msieve\lanczos.c">
      <Filter>Source Files\factoring\qs\msieve</Filter>
    </ClCompile>
    <ClCompile Include="..\..\factor\qs\msieve\lanczos_matmul0.c">
      <Filter>Source Files\factoring\qs\msieve</Filter>
    </ClCompile>
    <ClCompile Include="..\..\factor\qs\msieve\lanczos_matmul1.c">
      <Filter>Source Files\factoring\qs\msieve</Filter>
    </ClCompile>
    <ClCompile Include="..\..\factor\qs\msieve\lanczos_matmul2.c">
      <Filter>Source Files\factoring\qs\msieve</Filter>
    </ClCompile>
    <ClCompile Include="..\..\factor\qs\msieve\lanczos_pre.c">
      <Filter>Source Files\factoring\qs\msieve</Filter>
    </ClCompile>
    <ClCompile Include="..\..\factor\qs\msieve\savefile.c">
      <Filter>Source Files\factoring\qs\msieve</Filter>
    </ClCompile>
    <ClCompile Include="..\..\factor\qs\msieve\sqrt.c">
      <Filter>Source Files\factoring\qs\msieve</Filter>
    </ClCompile>
    <ClCompile Include="..\..\factor\qs\filter.c">
      <Filter>Source Files\factoring\qs</Filter>
    </ClCompile>
    <ClCompile Include="..\..\factor\qs\SIQS.c">
      <Filter>Source Files\factoring\qs</Filter>
    </ClCompile>
    <ClCompile Include="..\..\factor\qs\siqs_aux.c">
      <Filter>Source Files\factoring\qs</Filter>
    </ClCompile>
    <ClCompile Include="..\..\factor\qs\siqs_test.c">
      <Filter>Source Files\factoring\qs</Filter>
    </ClCompile>
    <ClCompile Include="..\..\factor\qs\smallmpqs.c">
      <Filter>Source Files\factoring\qs</Filter>
    </ClCompile>
    <ClCompile Include="..\..\factor\nfs\nfs_threading.c">
      <Filter>Source Files\factoring\nfs</Filter>
    </ClCompile>
    <ClCompile Include="..\..\factor\nfs\nfs_sieving.c">
      <Filter>Source Files\factoring\nfs</Filter>
    </ClCompile>
    <ClCompile Include="..\..\factor\nfs\nfs_poly.c">
      <Filter>Source Files\factoring\nfs</Filter>
    </ClCompile>
    <ClCompile Include="..\..\factor\nfs\nfs_filemanip.c">
      <Filter>Source Files\factoring\nfs</Filter>
    </ClCompile>
    <ClCompile Include="..\..\factor\nfs\nfs_postproc.c">
      <Filter>Source Files\factoring\nfs</Filter>
    </ClCompile>
    <ClCompile Include="..\..\top\eratosthenes\soe_util.c">
      <Filter>Source Files\sieve</Filter>
    </ClCompile>
    <ClCompile Include="..\..\factor\qs\tdiv.c">
      <Filter>Source Files\factoring\qs\tdiv</Filter>
    </ClCompile>
    <ClCompile Include="..\..\factor\qs\tdiv_small.c">
      <Filter>Source Files\factoring\qs\tdiv</Filter>
    </ClCompile>
    <ClCompile Include="..\..\factor\qs\tdiv_large.c">
      <Filter>Source Files\factoring\qs\tdiv</Filter>
    </ClCompile>
    <ClCompile Include="..\..\factor\qs\tdiv_scan.c">
      <Filter>Source Files\factoring\qs\tdiv</Filter>
    </ClCompile>
    <ClCompile Include="..\..\factor\qs\new_poly.c">
      <Filter>Source Files\factoring\qs\poly</Filter>
    </ClCompile>
    <ClCompile Include="..\..\factor\qs\poly_roots_32k.c">
      <Filter>Source Files\factoring\qs\poly</Filter>
    </ClCompile>
    <ClCompile Include="..\..\factor\qs\update_poly_roots_32k.c">
      <Filter>Source Files\factoring\qs\poly</Filter>
    </ClCompile>
    <ClCompile Include="..\..\factor\qs\large_sieve.c">
      <Filter>Source Files\factoring\qs\sieve</Filter>
    </ClCompile>
    <ClCompile Include="..\..\factor\qs\med_sieve_32k.c">
      <Filter>Source Files\factoring\qs\sieve</Filter>
    </ClCompile>
    <ClCompile Include="..\..\factor\qs\tdiv_med_32k.c">
      <Filter>Source Files\factoring\qs\tdiv</Filter>
    </ClCompile>
    <ClCompile Include="..\..\factor\qs\tdiv_resieve_32k.c">
      <Filter>Source Files\factoring\qs\tdiv</Filter>
    </ClCompile>
    <ClCompile Include="..\..\factor\tinyqs\tinySIQS.c">
      <Filter>Source Files\factoring\qs</Filter>
    </ClCompile>
    <ClCompile Include="..\..\factor\qs\update_poly_roots_32k_sse4.1.c">
      <Filter>Source Files\factoring\qs\poly</Filter>
    </ClCompile>
    <ClCompile Include="..\..\factor\qs\med_sieve_32k_sse4.1.c">
      <Filter>Source Files\factoring\qs\sieve</Filter>
    </ClCompile>
    <ClCompile Include="..\..\factor\nfs\snfs.c">
      <Filter>Source Files\factoring\nfs</Filter>
    </ClCompile>
    <ClCompile Include="..\..\top\aprcl\mpz_aprcl.c">
      <Filter>Source Files</Filter>
    </ClCompile>
    <ClCompile Include="..\..\factor\qs\update_poly_roots_32k_avx2.c">
      <Filter>Source Files\factoring\qs\poly</Filter>
    </ClCompile>
    <ClCompile Include="..\..\factor\qs\tdiv_med_32k_avx2.c">
      <Filter>Source Files\factoring\qs\tdiv</Filter>
    </ClCompile>
    <ClCompile Include="..\..\factor\qs\tdiv_resieve_32k_avx2.c">
      <Filter>Source Files\factoring\qs\tdiv</Filter>
    </ClCompile>
    <ClCompile Include="..\..\factor\qs\tdiv_med.c">
      <Filter>Source Files\factoring\qs\tdiv</Filter>
    </ClCompile>
    <ClCompile Include="..\..\factor\qs\tdiv_resieve.c">
      <Filter>Source Files\factoring\qs\tdiv</Filter>
    </ClCompile>
    <ClCompile Include="..\..\factor\qs\med_sieve_32k_avx2.c">
      <Filter>Source Files\factoring\qs\sieve</Filter>
    </ClCompile>
    <ClCompile Include="..\..\factor\qs\poly_roots.c">
      <Filter>Source Files\factoring\qs\poly</Filter>
    </ClCompile>
    <ClCompile Include="..\..\top\eratosthenes\presieve.c">
      <Filter>Source Files\sieve</Filter>
    </ClCompile>
  </ItemGroup>
  <ItemGroup>
    <ClInclude Include="..\..\include\arith.h">
      <Filter>Header Files</Filter>
    </ClInclude>
    <ClInclude Include="..\..\include\calc.h">
      <Filter>Header Files</Filter>
    </ClInclude>
    <ClInclude Include="..\..\include\common.h">
      <Filter>Header Files</Filter>
    </ClInclude>
    <ClInclude Include="..\..\include\factor.h">
      <Filter>Header Files</Filter>
    </ClInclude>
    <ClInclude Include="..\..\include\gmp_xface.h">
      <Filter>Header Files</Filter>
    </ClInclude>
    <ClInclude Include="..\..\include\lanczos.h">
      <Filter>Header Files</Filter>
    </ClInclude>
    <ClInclude Include="..\..\include\qs.h">
      <Filter>Header Files</Filter>
    </ClInclude>
    <ClInclude Include="..\..\include\soe.h">
      <Filter>Header Files</Filter>
    </ClInclude>
    <ClInclude Include="..\..\include\types.h">
      <Filter>Header Files</Filter>
    </ClInclude>
    <ClInclude Include="..\..\include\util.h">
      <Filter>Header Files</Filter>
    </ClInclude>
    <ClInclude Include="..\..\include\yafu.h">
      <Filter>Header Files</Filter>
    </ClInclude>
    <ClInclude Include="..\..\include\yafu_ecm.h">
      <Filter>Header Files</Filter>
    </ClInclude>
    <ClInclude Include="..\..\include\yafu_stack.h">
      <Filter>Header Files</Filter>
    </ClInclude>
    <ClInclude Include="..\..\include\yafu_string.h">
      <Filter>Header Files</Filter>
    </ClInclude>
    <ClInclude Include="..\..\include\gnfs.h">
      <Filter>Header Files</Filter>
    </ClInclude>
    <ClInclude Include="..\..\include\nfs.h">
      <Filter>Header Files</Filter>
    </ClInclude>
    <ClInclude Include="..\..\factor\qs\poly_macros_32k.h">
      <Filter>Source Files\factoring\qs\poly</Filter>
    </ClInclude>
    <ClInclude Include="..\..\factor\qs\poly_macros_common.h">
      <Filter>Source Files\factoring\qs\poly</Filter>
    </ClInclude>
    <ClInclude Include="..\..\factor\qs\sieve_macros_32k.h">
      <Filter>Source Files\factoring\qs\sieve</Filter>
    </ClInclude>
    <ClInclude Include="..\..\factor\qs\tdiv_macros_32k.h">
      <Filter>Source Files\factoring\qs\tdiv</Filter>
    </ClInclude>
    <ClInclude Include="..\..\factor\qs\tdiv_macros_common.h">
      <Filter>Source Files\factoring\qs\tdiv</Filter>
    </ClInclude>
    <ClInclude Include="..\..\factor\qs\poly_macros_common_sse4.1.h">
      <Filter>Source Files\factoring\qs\poly</Filter>
    </ClInclude>
    <ClInclude Include="..\..\factor\qs\sieve_macros_32k_sse4.1.h">
      <Filter>Source Files\factoring\qs\sieve</Filter>
    </ClInclude>
    <ClInclude Include="..\..\top\aprcl\jacobi_sum.h">
      <Filter>Header Files</Filter>
    </ClInclude>
    <ClInclude Include="..\..\top\aprcl\mpz_aprcl.h">
      <Filter>Header Files</Filter>
    </ClInclude>
    <ClInclude Include="..\..\factor\qs\poly_macros_common_avx2.h">
      <Filter>Source Files\factoring\qs\poly</Filter>
    </ClInclude>
    <ClInclude Include="..\..\factor\qs\sieve_macros_32k_avx2.h">
      <Filter>Source Files\factoring\qs\sieve</Filter>
    </ClInclude>
  </ItemGroup>
  <ItemGroup>
    <YASM Include="..\..\arith\mod64.asm">
      <Filter>Source Files\arith</Filter>
    </YASM>
  </ItemGroup>
</Project>