<?xml version="1.0" encoding="utf-8"?>
<Project ToolsVersion="4.0" xmlns="http://schemas.microsoft.com/developer/msbuild/2003">
  <ItemGroup>
    <Filter Include="Source Files">
      <UniqueIdentifier>{a31b11e1-fd24-4fc7-ae61-83a71066be32}</UniqueIdentifier>
      <Extensions>cpp;c;cxx;rc;def;r;odl;idl;hpj;bat</Extensions>
    </Filter>
    <Filter Include="Header Files">
      <UniqueIdentifier>{2fb2f2c2-4f91-44ce-8cac-46f944abad64}</UniqueIdentifier>
      <Extensions>h;hpp;hxx;hm;inl</Extensions>
    </Filter>
    <Filter Include="Source Files\frontend">
      <UniqueIdentifier>{e4c128c2-ce52-4467-9ec8-fb4f0964f940}</UniqueIdentifier>
    </Filter>
  </ItemGroup>
  <ItemGroup>
    <ClCompile Include="..\..\top\test.c">
      <Filter>Source Files</Filter>
    </ClCompile>
    <ClCompile Include="..\..\top\cmdParser\cmdOptions.c">
      <Filter>Source Files\frontend</Filter>
    </ClCompile>
    <ClCompile Include="..\..\top\driver.c">
      <Filter>Source Files\frontend</Filter>
    </ClCompile>
    <ClCompile Include="..\..\top\cmdParser\calc.c">
      <Filter>Source Files\frontend</Filter>
    </ClCompile>
    <ClCompile Include="..\..\factor\autofactor.c">
      <Filter>Source Files</Filter>
    </ClCompile>
    <ClCompile Include="..\..\factor\tune.c">
      <Filter>Source Files</Filter>
    </ClCompile>
  </ItemGroup>
  <ItemGroup>
    <ClInclude Include="..\..\include\types.h">
      <Filter>Header Files</Filter>
    </ClInclude>
    <ClInclude Include="..\..\include\yafu.h">
      <Filter>Header Files</Filter>
    </ClInclude>
    <ClInclude Include="..\..\top\cmdParser\cmdOptions.h">
      <Filter>Source Files\frontend</Filter>
    </ClInclude>
    <ClInclude Include="..\..\top\cmdParser\calc.h">
      <Filter>Source Files\frontend</Filter>
    </ClInclude>
  </ItemGroup>
</Project>